
Microsoft Visual Studio Solution File, Format Version 12.00
# Visual Studio 15
VisualStudioVersion = 15.0.28010.2026
MinimumVisualStudioVersion = 10.0.40219.1
Project("{FAE04EC0-301F-11D3-BF4B-00C04F79EFBC}") = "Maximin", "Maximin\Maximin.csproj", "{AB1BC265-8715-4B64-8F1E-59C1A22F0719}"
EndProject
Global
	GlobalSection(SolutionConfigurationPlatforms) = preSolution
		Debug|Any CPU = Debug|Any CPU
		Release|Any CPU = Release|Any CPU
	EndGlobalSection
	GlobalSection(ProjectConfigurationPlatforms) = postSolution
		{AB1BC265-8715-4B64-8F1E-59C1A22F0719}.Debug|Any CPU.ActiveCfg = Debug|Any CPU
		{AB1BC265-8715-4B64-8F1E-59C1A22F0719}.Debug|Any CPU.Build.0 = Debug|Any CPU
		{AB1BC265-8715-4B64-8F1E-59C1A22F0719}.Release|Any CPU.ActiveCfg = Release|Any CPU
		{AB1BC265-8715-4B64-8F1E-59C1A22F0719}.Release|Any CPU.Build.0 = Release|Any CPU
	EndGlobalSection
	GlobalSection(SolutionProperties) = preSolution
		HideSolutionNode = FALSE
	EndGlobalSection
	GlobalSection(ExtensibilityGlobals) = postSolution
		SolutionGuid = {9911353F-FC5C-43C5-9A16-77C765A293D5}
	EndGlobalSection
EndGlobal
